
Microsoft Visual Studio Solution File, Format Version 12.00
# Visual Studio 15
Project("{FAE04EC0-301F-11D3-BF4B-00C04F79EFBC}") = "Assembly-CSharp", "Assembly-CSharp.csproj", "{95218D7A-C0A6-D2CB-F568-6FB85251DBE0}"
EndProject
Project("{FAE04EC0-301F-11D3-BF4B-00C04F79EFBC}") = "Assembly-CSharp-Editor", "Assembly-CSharp-Editor.csproj", "{FA4A54AD-4548-5623-318C-B1C599A4E7CE}"
EndProject
Global
	GlobalSection(SolutionConfigurationPlatforms) = preSolution
		Debug|Any CPU = Debug|Any CPU
		Release|Any CPU = Release|Any CPU
	EndGlobalSection
	GlobalSection(ProjectConfigurationPlatforms) = postSolution
		{95218D7A-C0A6-D2CB-F568-6FB85251DBE0}.Debug|Any CPU.ActiveCfg = Debug|Any CPU
		{95218D7A-C0A6-D2CB-F568-6FB85251DBE0}.Debug|Any CPU.Build.0 = Debug|Any CPU
		{95218D7A-C0A6-D2CB-F568-6FB85251DBE0}.Release|Any CPU.ActiveCfg = Release|Any CPU
		{95218D7A-C0A6-D2CB-F568-6FB85251DBE0}.Release|Any CPU.Build.0 = Release|Any CPU
		{FA4A54AD-4548-5623-318C-B1C599A4E7CE}.Debug|Any CPU.ActiveCfg = Debug|Any CPU
		{FA4A54AD-4548-5623-318C-B1C599A4E7CE}.Debug|Any CPU.Build.0 = Debug|Any CPU
		{FA4A54AD-4548-5623-318C-B1C599A4E7CE}.Release|Any CPU.ActiveCfg = Release|Any CPU
		{FA4A54AD-4548-5623-318C-B1C599A4E7CE}.Release|Any CPU.Build.0 = Release|Any CPU
	EndGlobalSection
	GlobalSection(SolutionProperties) = preSolution
		HideSolutionNode = FALSE
	EndGlobalSection
EndGlobal
